
Microsoft Visual Studio Solution File, Format Version 12.00
# Visual Studio Version 17
VisualStudioVersion = 17.9.34607.119
MinimumVisualStudioVersion = 10.0.40219.1
Project("{FAE04EC0-301F-11D3-BF4B-00C04F79EFBC}") = "YouTube Downloader", "YouTube Downloader\YouTube Downloader.csproj", "{74CA534A-F0C0-47FE-BD12-ADF8E54464ED}"
EndProject
Global
	GlobalSection(SolutionConfigurationPlatforms) = preSolution
		Debug|Any CPU = Debug|Any CPU
		Release|Any CPU = Release|Any CPU
	EndGlobalSection
	GlobalSection(ProjectConfigurationPlatforms) = postSolution
		{74CA534A-F0C0-47FE-BD12-ADF8E54464ED}.Debug|Any CPU.ActiveCfg = Debug|Any CPU
		{74CA534A-F0C0-47FE-BD12-ADF8E54464ED}.Debug|Any CPU.Build.0 = Debug|Any CPU
		{74CA534A-F0C0-47FE-BD12-ADF8E54464ED}.Release|Any CPU.ActiveCfg = Release|Any CPU
		{74CA534A-F0C0-47FE-BD12-ADF8E54464ED}.Release|Any CPU.Build.0 = Release|Any CPU
	EndGlobalSection
	GlobalSection(SolutionProperties) = preSolution
		HideSolutionNode = FALSE
	EndGlobalSection
	GlobalSection(ExtensibilityGlobals) = postSolution
		SolutionGuid = {FEE11353-D691-4B9B-A554-DB592736E43A}
	EndGlobalSection
EndGlobal
